// !$*UTF8*$!
{
	archiveVersion = 1;
	classes = {
	};
	objectVersion = 50;
	objects = {

/* Begin PBXBuildFile section */
		41407B3726E4489900FABE9D /* NavigationBarDetailView.swift in Sources */ = {isa = PBXBuildFile; fileRef = 41407B3626E4489900FABE9D /* NavigationBarDetailView.swift */; };
		414A0E6326E30BF000426D49 /* TouchdownApp.swift in Sources */ = {isa = PBXBuildFile; fileRef = 414A0E6226E30BF000426D49 /* TouchdownApp.swift */; };
		414A0E6526E30BF000426D49 /* ContentView.swift in Sources */ = {isa = PBXBuildFile; fileRef = 414A0E6426E30BF000426D49 /* ContentView.swift */; };
		414A0E6726E30BF000426D49 /* Assets.xcassets in Resources */ = {isa = PBXBuildFile; fileRef = 414A0E6626E30BF000426D49 /* Assets.xcassets */; };
		414A0E6A26E30BF000426D49 /* Preview Assets.xcassets in Resources */ = {isa = PBXBuildFile; fileRef = 414A0E6926E30BF000426D49 /* Preview Assets.xcassets */; };
		414A0E7926E30C6A00426D49 /* Constant.swift in Sources */ = {isa = PBXBuildFile; fileRef = 414A0E7826E30C6A00426D49 /* Constant.swift */; };
		414A0E7B26E30C9F00426D49 /* FooterView.swift in Sources */ = {isa = PBXBuildFile; fileRef = 414A0E7A26E30C9F00426D49 /* FooterView.swift */; };
		414A0E7D26E30DAB00426D49 /* NavigationBarView.swift in Sources */ = {isa = PBXBuildFile; fileRef = 414A0E7C26E30DAB00426D49 /* NavigationBarView.swift */; };
		414A0E7F26E30E4A00426D49 /* LogoView.swift in Sources */ = {isa = PBXBuildFile; fileRef = 414A0E7E26E30E4A00426D49 /* LogoView.swift */; };
		414A0E8526E310B900426D49 /* category.json in Resources */ = {isa = PBXBuildFile; fileRef = 414A0E8126E310B900426D49 /* category.json */; };
		414A0E8626E310B900426D49 /* product.json in Resources */ = {isa = PBXBuildFile; fileRef = 414A0E8226E310B900426D49 /* product.json */; };
		414A0E8726E310B900426D49 /* brand.json in Resources */ = {isa = PBXBuildFile; fileRef = 414A0E8326E310B900426D49 /* brand.json */; };
		414A0E8826E310B900426D49 /* player.json in Resources */ = {isa = PBXBuildFile; fileRef = 414A0E8426E310B900426D49 /* player.json */; };
		414A0E8A26E310D700426D49 /* PlayerModel.swift in Sources */ = {isa = PBXBuildFile; fileRef = 414A0E8926E310D700426D49 /* PlayerModel.swift */; };
		414A0E8C26E3110100426D49 /* CodableBundleExtension.swift in Sources */ = {isa = PBXBuildFile; fileRef = 414A0E8B26E3110100426D49 /* CodableBundleExtension.swift */; };
		414A0E9026E312CB00426D49 /* FeaturedItemView.swift in Sources */ = {isa = PBXBuildFile; fileRef = 414A0E8F26E312CB00426D49 /* FeaturedItemView.swift */; };
		414A0E9226E3133E00426D49 /* FeaturedTabView.swift in Sources */ = {isa = PBXBuildFile; fileRef = 414A0E9126E3133E00426D49 /* FeaturedTabView.swift */; };
		415E2F9026E403150015C8E7 /* CategoryItemView.swift in Sources */ = {isa = PBXBuildFile; fileRef = 415E2F8F26E403150015C8E7 /* CategoryItemView.swift */; };
		415E2F9226E403D50015C8E7 /* CategoryGridView.swift in Sources */ = {isa = PBXBuildFile; fileRef = 415E2F9126E403D50015C8E7 /* CategoryGridView.swift */; };
		415E2F9426E404B00015C8E7 /* SectionView.swift in Sources */ = {isa = PBXBuildFile; fileRef = 415E2F9326E404B00015C8E7 /* SectionView.swift */; };
		415E2F9826E406090015C8E7 /* TitleView.swift in Sources */ = {isa = PBXBuildFile; fileRef = 415E2F9726E406090015C8E7 /* TitleView.swift */; };
		415E2F9A26E406990015C8E7 /* ProductModel.swift in Sources */ = {isa = PBXBuildFile; fileRef = 415E2F9926E406990015C8E7 /* ProductModel.swift */; };
		415E2F9C26E407210015C8E7 /* ProductItemView.swift in Sources */ = {isa = PBXBuildFile; fileRef = 415E2F9B26E407210015C8E7 /* ProductItemView.swift */; };
		415E2F9E26E4097A0015C8E7 /* BrandModel.swift in Sources */ = {isa = PBXBuildFile; fileRef = 415E2F9D26E4097A0015C8E7 /* BrandModel.swift */; };
		415E2FA026E409CB0015C8E7 /* BrandItemView.swift in Sources */ = {isa = PBXBuildFile; fileRef = 415E2F9F26E409CB0015C8E7 /* BrandItemView.swift */; };
		415E2FA226E40A2F0015C8E7 /* BrandGridView.swift in Sources */ = {isa = PBXBuildFile; fileRef = 415E2FA126E40A2F0015C8E7 /* BrandGridView.swift */; };
		415E2FA426E40B2C0015C8E7 /* ProductDetailView.swift in Sources */ = {isa = PBXBuildFile; fileRef = 415E2FA326E40B2C0015C8E7 /* ProductDetailView.swift */; };
		4172F3DC26E31633000028FE /* CategoryModel.swift in Sources */ = {isa = PBXBuildFile; fileRef = 4172F3DB26E31633000028FE /* CategoryModel.swift */; };
		41EE686626E44AA000CA6E48 /* HeaderDetailView.swift in Sources */ = {isa = PBXBuildFile; fileRef = 41EE686526E44AA000CA6E48 /* HeaderDetailView.swift */; };
		41EE686826E44B0C00CA6E48 /* TopPartDetailView.swift in Sources */ = {isa = PBXBuildFile; fileRef = 41EE686726E44B0C00CA6E48 /* TopPartDetailView.swift */; };
		41EE686A26E44CAA00CA6E48 /* CustomShape.swift in Sources */ = {isa = PBXBuildFile; fileRef = 41EE686926E44CAA00CA6E48 /* CustomShape.swift */; };
		41EE686C26E44D9D00CA6E48 /* RatingsSizesDetailView.swift in Sources */ = {isa = PBXBuildFile; fileRef = 41EE686B26E44D9D00CA6E48 /* RatingsSizesDetailView.swift */; };
		41EE686E26E44F2000CA6E48 /* QuantityFavoriteDetailView.swift in Sources */ = {isa = PBXBuildFile; fileRef = 41EE686D26E44F2000CA6E48 /* QuantityFavoriteDetailView.swift */; };
		41EE687026E44FFD00CA6E48 /* AddToCartDetailView.swift in Sources */ = {isa = PBXBuildFile; fileRef = 41EE686F26E44FFD00CA6E48 /* AddToCartDetailView.swift */; };
/* End PBXBuildFile section */

/* Begin PBXFileReference section */
		41407B3626E4489900FABE9D /* NavigationBarDetailView.swift */ = {isa = PBXFileReference; lastKnownFileType = sourcecode.swift; path = NavigationBarDetailView.swift; sourceTree = "<group>"; };
		414A0E5F26E30BF000426D49 /* Touchdown.app */ = {isa = PBXFileReference; explicitFileType = wrapper.application; includeInIndex = 0; path = Touchdown.app; sourceTree = BUILT_PRODUCTS_DIR; };
		414A0E6226E30BF000426D49 /* TouchdownApp.swift */ = {isa = PBXFileReference; lastKnownFileType = sourcecode.swift; path = TouchdownApp.swift; sourceTree = "<group>"; };
		414A0E6426E30BF000426D49 /* ContentView.swift */ = {isa = PBXFileReference; lastKnownFileType = sourcecode.swift; path = ContentView.swift; sourceTree = "<group>"; };
		414A0E6626E30BF000426D49 /* Assets.xcassets */ = {isa = PBXFileReference; lastKnownFileType = folder.assetcatalog; path = Assets.xcassets; sourceTree = "<group>"; };
		414A0E6926E30BF000426D49 /* Preview Assets.xcassets */ = {isa = PBXFileReference; lastKnownFileType = folder.assetcatalog; path = "Preview Assets.xcassets"; sourceTree = "<group>"; };
		414A0E6B26E30BF000426D49 /* Info.plist */ = {isa = PBXFileReference; lastKnownFileType = text.plist.xml; path = Info.plist; sourceTree = "<group>"; };
		414A0E7826E30C6A00426D49 /* Constant.swift */ = {isa = PBXFileReference; lastKnownFileType = sourcecode.swift; path = Constant.swift; sourceTree = "<group>"; };
		414A0E7A26E30C9F00426D49 /* FooterView.swift */ = {isa = PBXFileReference; lastKnownFileType = sourcecode.swift; path = FooterView.swift; sourceTree = "<group>"; };
		414A0E7C26E30DAB00426D49 /* NavigationBarView.swift */ = {isa = PBXFileReference; lastKnownFileType = sourcecode.swift; path = NavigationBarView.swift; sourceTree = "<group>"; };
		414A0E7E26E30E4A00426D49 /* LogoView.swift */ = {isa = PBXFileReference; lastKnownFileType = sourcecode.swift; path = LogoView.swift; sourceTree = "<group>"; };
		414A0E8126E310B900426D49 /* category.json */ = {isa = PBXFileReference; fileEncoding = 4; lastKnownFileType = text.json; path = category.json; sourceTree = "<group>"; };
		414A0E8226E310B900426D49 /* product.json */ = {isa = PBXFileReference; fileEncoding = 4; lastKnownFileType = text.json; path = product.json; sourceTree = "<group>"; };
		414A0E8326E310B900426D49 /* brand.json */ = {isa = PBXFileReference; fileEncoding = 4; lastKnownFileType = text.json; path = brand.json; sourceTree = "<group>"; };
		414A0E8426E310B900426D49 /* player.json */ = {isa = PBXFileReference; fileEncoding = 4; lastKnownFileType = text.json; path = player.json; sourceTree = "<group>"; };
		414A0E8926E310D700426D49 /* PlayerModel.swift */ = {isa = PBXFileReference; lastKnownFileType = sourcecode.swift; path = PlayerModel.swift; sourceTree = "<group>"; };
		414A0E8B26E3110100426D49 /* CodableBundleExtension.swift */ = {isa = PBXFileReference; lastKnownFileType = sourcecode.swift; path = CodableBundleExtension.swift; sourceTree = "<group>"; };
		414A0E8F26E312CB00426D49 /* FeaturedItemView.swift */ = {isa = PBXFileReference; lastKnownFileType = sourcecode.swift; path = FeaturedItemView.swift; sourceTree = "<group>"; };
		414A0E9126E3133E00426D49 /* FeaturedTabView.swift */ = {isa = PBXFileReference; lastKnownFileType = sourcecode.swift; path = FeaturedTabView.swift; sourceTree = "<group>"; };
		415E2F8F26E403150015C8E7 /* CategoryItemView.swift */ = {isa = PBXFileReference; lastKnownFileType = sourcecode.swift; path = CategoryItemView.swift; sourceTree = "<group>"; };
		415E2F9126E403D50015C8E7 /* CategoryGridView.swift */ = {isa = PBXFileReference; lastKnownFileType = sourcecode.swift; path = CategoryGridView.swift; sourceTree = "<group>"; };
		415E2F9326E404B00015C8E7 /* SectionView.swift */ = {isa = PBXFileReference; lastKnownFileType = sourcecode.swift; path = SectionView.swift; sourceTree = "<group>"; };
		415E2F9726E406090015C8E7 /* TitleView.swift */ = {isa = PBXFileReference; lastKnownFileType = sourcecode.swift; path = TitleView.swift; sourceTree = "<group>"; };
		415E2F9926E406990015C8E7 /* ProductModel.swift */ = {isa = PBXFileReference; lastKnownFileType = sourcecode.swift; path = ProductModel.swift; sourceTree = "<group>"; };
		415E2F9B26E407210015C8E7 /* ProductItemView.swift */ = {isa = PBXFileReference; lastKnownFileType = sourcecode.swift; path = ProductItemView.swift; sourceTree = "<group>"; };
		415E2F9D26E4097A0015C8E7 /* BrandModel.swift */ = {isa = PBXFileReference; lastKnownFileType = sourcecode.swift; path = BrandModel.swift; sourceTree = "<group>"; };
		415E2F9F26E409CB0015C8E7 /* BrandItemView.swift */ = {isa = PBXFileReference; lastKnownFileType = sourcecode.swift; path = BrandItemView.swift; sourceTree = "<group>"; };
		415E2FA126E40A2F0015C8E7 /* BrandGridView.swift */ = {isa = PBXFileReference; lastKnownFileType = sourcecode.swift; path = BrandGridView.swift; sourceTree = "<group>"; };
		415E2FA326E40B2C0015C8E7 /* ProductDetailView.swift */ = {isa = PBXFileReference; lastKnownFileType = sourcecode.swift; path = ProductDetailView.swift; sourceTree = "<group>"; };
		4172F3DB26E31633000028FE /* CategoryModel.swift */ = {isa = PBXFileReference; lastKnownFileType = sourcecode.swift; path = CategoryModel.swift; sourceTree = "<group>"; };
		41EE686526E44AA000CA6E48 /* HeaderDetailView.swift */ = {isa = PBXFileReference; lastKnownFileType = sourcecode.swift; path = HeaderDetailView.swift; sourceTree = "<group>"; };
		41EE686726E44B0C00CA6E48 /* TopPartDetailView.swift */ = {isa = PBXFileReference; lastKnownFileType = sourcecode.swift; path = TopPartDetailView.swift; sourceTree = "<group>"; };
		41EE686926E44CAA00CA6E48 /* CustomShape.swift */ = {isa = PBXFileReference; lastKnownFileType = sourcecode.swift; path = CustomShape.swift; sourceTree = "<group>"; };
		41EE686B26E44D9D00CA6E48 /* RatingsSizesDetailView.swift */ = {isa = PBXFileReference; lastKnownFileType = sourcecode.swift; path = RatingsSizesDetailView.swift; sourceTree = "<group>"; };
		41EE686D26E44F2000CA6E48 /* QuantityFavoriteDetailView.swift */ = {isa = PBXFileReference; lastKnownFileType = sourcecode.swift; path = QuantityFavoriteDetailView.swift; sourceTree = "<group>"; };
		41EE686F26E44FFD00CA6E48 /* AddToCartDetailView.swift */ = {isa = PBXFileReference; lastKnownFileType = sourcecode.swift; path = AddToCartDetailView.swift; sourceTree = "<group>"; };
/* End PBXFileReference section */

/* Begin PBXFrameworksBuildPhase section */
		414A0E5C26E30BF000426D49 /* Frameworks */ = {
			isa = PBXFrameworksBuildPhase;
			buildActionMask = 2147483647;
			files = (
			);
			runOnlyForDeploymentPostprocessing = 0;
		};
/* End PBXFrameworksBuildPhase section */

/* Begin PBXGroup section */
		414A0E5626E30BF000426D49 = {
			isa = PBXGroup;
			children = (
				414A0E6126E30BF000426D49 /* Touchdown */,
				414A0E6026E30BF000426D49 /* Products */,
			);
			sourceTree = "<group>";
		};
		414A0E6026E30BF000426D49 /* Products */ = {
			isa = PBXGroup;
			children = (
				414A0E5F26E30BF000426D49 /* Touchdown.app */,
			);
			name = Products;
			sourceTree = "<group>";
		};
		414A0E6126E30BF000426D49 /* Touchdown */ = {
			isa = PBXGroup;
			children = (
				414A0E8026E310AF00426D49 /* Data */,
				414A0E7526E30C5000426D49 /* Extension */,
				414A0E7426E30C4D00426D49 /* Util */,
				414A0E7326E30C4900426D49 /* Model */,
				414A0E7226E30C4500426D49 /* View */,
				414A0E7126E30C4000426D49 /* App */,
				414A0E6626E30BF000426D49 /* Assets.xcassets */,
				414A0E6B26E30BF000426D49 /* Info.plist */,
				414A0E6826E30BF000426D49 /* Preview Content */,
			);
			path = Touchdown;
			sourceTree = "<group>";
		};
		414A0E6826E30BF000426D49 /* Preview Content */ = {
			isa = PBXGroup;
			children = (
				414A0E6926E30BF000426D49 /* Preview Assets.xcassets */,
			);
			path = "Preview Content";
			sourceTree = "<group>";
		};
		414A0E7126E30C4000426D49 /* App */ = {
			isa = PBXGroup;
			children = (
				414A0E6226E30BF000426D49 /* TouchdownApp.swift */,
				414A0E6426E30BF000426D49 /* ContentView.swift */,
				415E2FA326E40B2C0015C8E7 /* ProductDetailView.swift */,
			);
			path = App;
			sourceTree = "<group>";
		};
		414A0E7226E30C4500426D49 /* View */ = {
			isa = PBXGroup;
			children = (
				414A0E7726E30C5900426D49 /* Detail */,
				414A0E7626E30C5600426D49 /* Home */,
			);
			path = View;
			sourceTree = "<group>";
		};
		414A0E7326E30C4900426D49 /* Model */ = {
			isa = PBXGroup;
			children = (
				414A0E8926E310D700426D49 /* PlayerModel.swift */,
				4172F3DB26E31633000028FE /* CategoryModel.swift */,
				415E2F9926E406990015C8E7 /* ProductModel.swift */,
				415E2F9D26E4097A0015C8E7 /* BrandModel.swift */,
			);
			path = Model;
			sourceTree = "<group>";
		};
		414A0E7426E30C4D00426D49 /* Util */ = {
			isa = PBXGroup;
			children = (
				414A0E7826E30C6A00426D49 /* Constant.swift */,
				41EE686926E44CAA00CA6E48 /* CustomShape.swift */,
			);
			path = Util;
			sourceTree = "<group>";
		};
		414A0E7526E30C5000426D49 /* Extension */ = {
			isa = PBXGroup;
			children = (
				414A0E8B26E3110100426D49 /* CodableBundleExtension.swift */,
			);
			path = Extension;
			sourceTree = "<group>";
		};
		414A0E7626E30C5600426D49 /* Home */ = {
			isa = PBXGroup;
			children = (
				414A0E7A26E30C9F00426D49 /* FooterView.swift */,
				414A0E7C26E30DAB00426D49 /* NavigationBarView.swift */,
				414A0E7E26E30E4A00426D49 /* LogoView.swift */,
				414A0E8F26E312CB00426D49 /* FeaturedItemView.swift */,
				414A0E9126E3133E00426D49 /* FeaturedTabView.swift */,
				415E2F8F26E403150015C8E7 /* CategoryItemView.swift */,
				415E2F9126E403D50015C8E7 /* CategoryGridView.swift */,
				415E2F9326E404B00015C8E7 /* SectionView.swift */,
				415E2F9726E406090015C8E7 /* TitleView.swift */,
				415E2F9B26E407210015C8E7 /* ProductItemView.swift */,
				415E2F9F26E409CB0015C8E7 /* BrandItemView.swift */,
				415E2FA126E40A2F0015C8E7 /* BrandGridView.swift */,
			);
			path = Home;
			sourceTree = "<group>";
		};
		414A0E7726E30C5900426D49 /* Detail */ = {
			isa = PBXGroup;
			children = (
				41407B3626E4489900FABE9D /* NavigationBarDetailView.swift */,
				41EE686526E44AA000CA6E48 /* HeaderDetailView.swift */,
				41EE686726E44B0C00CA6E48 /* TopPartDetailView.swift */,
				41EE686B26E44D9D00CA6E48 /* RatingsSizesDetailView.swift */,
				41EE686D26E44F2000CA6E48 /* QuantityFavoriteDetailView.swift */,
				41EE686F26E44FFD00CA6E48 /* AddToCartDetailView.swift */,
			);
			path = Detail;
			sourceTree = "<group>";
		};
		414A0E8026E310AF00426D49 /* Data */ = {
			isa = PBXGroup;
			children = (
				414A0E8326E310B900426D49 /* brand.json */,
				414A0E8126E310B900426D49 /* category.json */,
				414A0E8426E310B900426D49 /* player.json */,
				414A0E8226E310B900426D49 /* product.json */,
			);
			path = Data;
			sourceTree = "<group>";
		};
/* End PBXGroup section */

/* Begin PBXNativeTarget section */
		414A0E5E26E30BF000426D49 /* Touchdown */ = {
			isa = PBXNativeTarget;
			buildConfigurationList = 414A0E6E26E30BF000426D49 /* Build configuration list for PBXNativeTarget "Touchdown" */;
			buildPhases = (
				414A0E5B26E30BF000426D49 /* Sources */,
				414A0E5C26E30BF000426D49 /* Frameworks */,
				414A0E5D26E30BF000426D49 /* Resources */,
			);
			buildRules = (
			);
			dependencies = (
			);
			name = Touchdown;
			productName = Touchdown;
			productReference = 414A0E5F26E30BF000426D49 /* Touchdown.app */;
			productType = "com.apple.product-type.application";
		};
/* End PBXNativeTarget section */

/* Begin PBXProject section */
		414A0E5726E30BF000426D49 /* Project object */ = {
			isa = PBXProject;
			attributes = {
				LastSwiftUpdateCheck = 1250;
				LastUpgradeCheck = 1250;
				TargetAttributes = {
					414A0E5E26E30BF000426D49 = {
						CreatedOnToolsVersion = 12.5.1;
					};
				};
			};
			buildConfigurationList = 414A0E5A26E30BF000426D49 /* Build configuration list for PBXProject "Touchdown" */;
			compatibilityVersion = "Xcode 9.3";
			developmentRegion = en;
			hasScannedForEncodings = 0;
			knownRegions = (
				en,
				Base,
			);
			mainGroup = 414A0E5626E30BF000426D49;
			productRefGroup = 414A0E6026E30BF000426D49 /* Products */;
			projectDirPath = "";
			projectRoot = "";
			targets = (
				414A0E5E26E30BF000426D49 /* Touchdown */,
			);
		};
/* End PBXProject section */

/* Begin PBXResourcesBuildPhase section */
		414A0E5D26E30BF000426D49 /* Resources */ = {
			isa = PBXResourcesBuildPhase;
			buildActionMask = 2147483647;
			files = (
				414A0E8826E310B900426D49 /* player.json in Resources */,
				414A0E8526E310B900426D49 /* category.json in Resources */,
				414A0E8726E310B900426D49 /* brand.json in Resources */,
				414A0E8626E310B900426D49 /* product.json in Resources */,
				414A0E6A26E30BF000426D49 /* Preview Assets.xcassets in Resources */,
				414A0E6726E30BF000426D49 /* Assets.xcassets in Resources */,
			);
			runOnlyForDeploymentPostprocessing = 0;
		};
/* End PBXResourcesBuildPhase section */

/* Begin PBXSourcesBuildPhase section */
		414A0E5B26E30BF000426D49 /* Sources */ = {
			isa = PBXSourcesBuildPhase;
			buildActionMask = 2147483647;
			files = (
				414A0E8C26E3110100426D49 /* CodableBundleExtension.swift in Sources */,
				41EE686626E44AA000CA6E48 /* HeaderDetailView.swift in Sources */,
				41EE686826E44B0C00CA6E48 /* TopPartDetailView.swift in Sources */,
				414A0E6526E30BF000426D49 /* ContentView.swift in Sources */,
				41EE686E26E44F2000CA6E48 /* QuantityFavoriteDetailView.swift in Sources */,
				414A0E7F26E30E4A00426D49 /* LogoView.swift in Sources */,
				414A0E7B26E30C9F00426D49 /* FooterView.swift in Sources */,
				414A0E9026E312CB00426D49 /* FeaturedItemView.swift in Sources */,
				41EE687026E44FFD00CA6E48 /* AddToCartDetailView.swift in Sources */,
				415E2F9C26E407210015C8E7 /* ProductItemView.swift in Sources */,
				415E2FA226E40A2F0015C8E7 /* BrandGridView.swift in Sources */,
				41EE686C26E44D9D00CA6E48 /* RatingsSizesDetailView.swift in Sources */,
				414A0E6326E30BF000426D49 /* TouchdownApp.swift in Sources */,
				415E2FA426E40B2C0015C8E7 /* ProductDetailView.swift in Sources */,
				41407B3726E4489900FABE9D /* NavigationBarDetailView.swift in Sources */,
				415E2F9826E406090015C8E7 /* TitleView.swift in Sources */,
				414A0E7926E30C6A00426D49 /* Constant.swift in Sources */,
				415E2F9226E403D50015C8E7 /* CategoryGridView.swift in Sources */,
				4172F3DC26E31633000028FE /* CategoryModel.swift in Sources */,
				414A0E7D26E30DAB00426D49 /* NavigationBarView.swift in Sources */,
				415E2FA026E409CB0015C8E7 /* BrandItemView.swift in Sources */,
				415E2F9426E404B00015C8E7 /* SectionView.swift in Sources */,
				415E2F9026E403150015C8E7 /* CategoryItemView.swift in Sources */,
				41EE686A26E44CAA00CA6E48 /* CustomShape.swift in Sources */,
				414A0E9226E3133E00426D49 /* FeaturedTabView.swift in Sources */,
				415E2F9E26E4097A0015C8E7 /* BrandModel.swift in Sources */,
				414A0E8A26E310D700426D49 /* PlayerModel.swift in Sources */,
				415E2F9A26E406990015C8E7 /* ProductModel.swift in Sources */,
			);
			runOnlyForDeploymentPostprocessing = 0;
		};
/* End PBXSourcesBuildPhase section */

/* Begin XCBuildConfiguration section */
		414A0E6C26E30BF000426D49 /* Debug */ = {
			isa = XCBuildConfiguration;
			buildSettings = {
				ALWAYS_SEARCH_USER_PATHS = NO;
				CLANG_ANALYZER_NONNULL = YES;
				CLANG_ANALYZER_NUMBER_OBJECT_CONVERSION = YES_AGGRESSIVE;
				CLANG_CXX_LANGUAGE_STANDARD = "gnu++14";
				CLANG_CXX_LIBRARY = "libc++";
				CLANG_ENABLE_MODULES = YES;
				CLANG_ENABLE_OBJC_ARC = YES;
				CLANG_ENABLE_OBJC_WEAK = YES;
				CLANG_WARN_BLOCK_CAPTURE_AUTORELEASING = YES;
				CLANG_WARN_BOOL_CONVERSION = YES;
				CLANG_WARN_COMMA = YES;
				CLANG_WARN_CONSTANT_CONVERSION = YES;
				CLANG_WARN_DEPRECATED_OBJC_IMPLEMENTATIONS = YES;
				CLANG_WARN_DIRECT_OBJC_ISA_USAGE = YES_ERROR;
				CLANG_WARN_DOCUMENTATION_COMMENTS = YES;
				CLANG_WARN_EMPTY_BODY = YES;
				CLANG_WARN_ENUM_CONVERSION = YES;
				CLANG_WARN_INFINITE_RECURSION = YES;
				CLANG_WARN_INT_CONVERSION = YES;
				CLANG_WARN_NON_LITERAL_NULL_CONVERSION = YES;
				CLANG_WARN_OBJC_IMPLICIT_RETAIN_SELF = YES;
				CLANG_WARN_OBJC_LITERAL_CONVERSION = YES;
				CLANG_WARN_OBJC_ROOT_CLASS = YES_ERROR;
				CLANG_WARN_QUOTED_INCLUDE_IN_FRAMEWORK_HEADER = YES;
				CLANG_WARN_RANGE_LOOP_ANALYSIS = YES;
				CLANG_WARN_STRICT_PROTOTYPES = YES;
				CLANG_WARN_SUSPICIOUS_MOVE = YES;
				CLANG_WARN_UNGUARDED_AVAILABILITY = YES_AGGRESSIVE;
				CLANG_WARN_UNREACHABLE_CODE = YES;
				CLANG_WARN__DUPLICATE_METHOD_MATCH = YES;
				COPY_PHASE_STRIP = NO;
				DEBUG_INFORMATION_FORMAT = dwarf;
				ENABLE_STRICT_OBJC_MSGSEND = YES;
				ENABLE_TESTABILITY = YES;
				GCC_C_LANGUAGE_STANDARD = gnu11;
				GCC_DYNAMIC_NO_PIC = NO;
				GCC_NO_COMMON_BLOCKS = YES;
				GCC_OPTIMIZATION_LEVEL = 0;
				GCC_PREPROCESSOR_DEFINITIONS = (
					"DEBUG=1",
					"$(inherited)",
				);
				GCC_WARN_64_TO_32_BIT_CONVERSION = YES;
				GCC_WARN_ABOUT_RETURN_TYPE = YES_ERROR;
				GCC_WARN_UNDECLARED_SELECTOR = YES;
				GCC_WARN_UNINITIALIZED_AUTOS = YES_AGGRESSIVE;
				GCC_WARN_UNUSED_FUNCTION = YES;
				GCC_WARN_UNUSED_VARIABLE = YES;
				IPHONEOS_DEPLOYMENT_TARGET = 14.5;
				MTL_ENABLE_DEBUG_INFO = INCLUDE_SOURCE;
				MTL_FAST_MATH = YES;
				ONLY_ACTIVE_ARCH = YES;
				SDKROOT = iphoneos;
				SWIFT_ACTIVE_COMPILATION_CONDITIONS = DEBUG;
				SWIFT_OPTIMIZATION_LEVEL = "-Onone";
			};
			name = Debug;
		};
		414A0E6D26E30BF000426D49 /* Release */ = {
			isa = XCBuildConfiguration;
			buildSettings = {
				ALWAYS_SEARCH_USER_PATHS = NO;
				CLANG_ANALYZER_NONNULL = YES;
				CLANG_ANALYZER_NUMBER_OBJECT_CONVERSION = YES_AGGRESSIVE;
				CLANG_CXX_LANGUAGE_STANDARD = "gnu++14";
				CLANG_CXX_LIBRARY = "libc++";
				CLANG_ENABLE_MODULES = YES;
				CLANG_ENABLE_OBJC_ARC = YES;
				CLANG_ENABLE_OBJC_WEAK = YES;
				CLANG_WARN_BLOCK_CAPTURE_AUTORELEASING = YES;
				CLANG_WARN_BOOL_CONVERSION = YES;
				CLANG_WARN_COMMA = YES;
				CLANG_WARN_CONSTANT_CONVERSION = YES;
				CLANG_WARN_DEPRECATED_OBJC_IMPLEMENTATIONS = YES;
				CLANG_WARN_DIRECT_OBJC_ISA_USAGE = YES_ERROR;
				CLANG_WARN_DOCUMENTATION_COMMENTS = YES;
				CLANG_WARN_EMPTY_BODY = YES;
				CLANG_WARN_ENUM_CONVERSION = YES;
				CLANG_WARN_INFINITE_RECURSION = YES;
				CLANG_WARN_INT_CONVERSION = YES;
				CLANG_WARN_NON_LITERAL_NULL_CONVERSION = YES;
				CLANG_WARN_OBJC_IMPLICIT_RETAIN_SELF = YES;
				CLANG_WARN_OBJC_LITERAL_CONVERSION = YES;
				CLANG_WARN_OBJC_ROOT_CLASS = YES_ERROR;
				CLANG_WARN_QUOTED_INCLUDE_IN_FRAMEWORK_HEADER = YES;
				CLANG_WARN_RANGE_LOOP_ANALYSIS = YES;
				CLANG_WARN_STRICT_PROTOTYPES = YES;
				CLANG_WARN_SUSPICIOUS_MOVE = YES;
				CLANG_WARN_UNGUARDED_AVAILABILITY = YES_AGGRESSIVE;
				CLANG_WARN_UNREACHABLE_CODE = YES;
				CLANG_WARN__DUPLICATE_METHOD_MATCH = YES;
				COPY_PHASE_STRIP = NO;
				DEBUG_INFORMATION_FORMAT = "dwarf-with-dsym";
				ENABLE_NS_ASSERTIONS = NO;
				ENABLE_STRICT_OBJC_MSGSEND = YES;
				GCC_C_LANGUAGE_STANDARD = gnu11;
				GCC_NO_COMMON_BLOCKS = YES;
				GCC_WARN_64_TO_32_BIT_CONVERSION = YES;
				GCC_WARN_ABOUT_RETURN_TYPE = YES_ERROR;
				GCC_WARN_UNDECLARED_SELECTOR = YES;
				GCC_WARN_UNINITIALIZED_AUTOS = YES_AGGRESSIVE;
				GCC_WARN_UNUSED_FUNCTION = YES;
				GCC_WARN_UNUSED_VARIABLE = YES;
				IPHONEOS_DEPLOYMENT_TARGET = 14.5;
				MTL_ENABLE_DEBUG_INFO = NO;
				MTL_FAST_MATH = YES;
				SDKROOT = iphoneos;
				SWIFT_COMPILATION_MODE = wholemodule;
				SWIFT_OPTIMIZATION_LEVEL = "-O";
				VALIDATE_PRODUCT = YES;
			};
			name = Release;
		};
		414A0E6F26E30BF000426D49 /* Debug */ = {
			isa = XCBuildConfiguration;
			buildSettings = {
				ASSETCATALOG_COMPILER_APPICON_NAME = AppIcon;
				ASSETCATALOG_COMPILER_GLOBAL_ACCENT_COLOR_NAME = AccentColor;
				CODE_SIGN_STYLE = Automatic;
				DEVELOPMENT_ASSET_PATHS = "\"Touchdown/Preview Content\"";
				DEVELOPMENT_TEAM = DRGBH45X55;
				ENABLE_PREVIEWS = YES;
				INFOPLIST_FILE = Touchdown/Info.plist;
				IPHONEOS_DEPLOYMENT_TARGET = 14.0;
				LD_RUNPATH_SEARCH_PATHS = (
					"$(inherited)",
					"@executable_path/Frameworks",
				);
				PRODUCT_BUNDLE_IDENTIFIER = gustavosilva.Touchdown;
				PRODUCT_NAME = "$(TARGET_NAME)";
				SWIFT_VERSION = 5.0;
				TARGETED_DEVICE_FAMILY = "1,2";
			};
			name = Debug;
		};
		414A0E7026E30BF000426D49 /* Release */ = {
			isa = XCBuildConfiguration;
			buildSettings = {
				ASSETCATALOG_COMPILER_APPICON_NAME = AppIcon;
				ASSETCATALOG_COMPILER_GLOBAL_ACCENT_COLOR_NAME = AccentColor;
				CODE_SIGN_STYLE = Automatic;
				DEVELOPMENT_ASSET_PATHS = "\"Touchdown/Preview Content\"";
				DEVELOPMENT_TEAM = DRGBH45X55;
				ENABLE_PREVIEWS = YES;
				INFOPLIST_FILE = Touchdown/Info.plist;
				IPHONEOS_DEPLOYMENT_TARGET = 14.0;
				LD_RUNPATH_SEARCH_PATHS = (
					"$(inherited)",
					"@executable_path/Frameworks",
				);
				PRODUCT_BUNDLE_IDENTIFIER = gustavosilva.Touchdown;
				PRODUCT_NAME = "$(TARGET_NAME)";
				SWIFT_VERSION = 5.0;
				TARGETED_DEVICE_FAMILY = "1,2";
			};
			name = Release;
		};
/* End XCBuildConfiguration section */

/* Begin XCConfigurationList section */
		414A0E5A26E30BF000426D49 /* Build configuration list for PBXProject "Touchdown" */ = {
			isa = XCConfigurationList;
			buildConfigurations = (
				414A0E6C26E30BF000426D49 /* Debug */,
				414A0E6D26E30BF000426D49 /* Release */,
			);
			defaultConfigurationIsVisible = 0;
			defaultConfigurationName = Release;
		};
		414A0E6E26E30BF000426D49 /* Build configuration list for PBXNativeTarget "Touchdown" */ = {
			isa = XCConfigurationList;
			buildConfigurations = (
				414A0E6F26E30BF000426D49 /* Debug */,
				414A0E7026E30BF000426D49 /* Release */,
			);
			defaultConfigurationIsVisible = 0;
			defaultConfigurationName = Release;
		};
/* End XCConfigurationList section */
	};
	rootObject = 414A0E5726E30BF000426D49 /* Project object */;
}
